
Microsoft Visual Studio Solution File, Format Version 12.00
# Visual Studio Version 17
VisualStudioVersion = 17.7.34031.279
MinimumVisualStudioVersion = 10.0.40219.1
Project("{9A19103F-16F7-4668-BE54-9A1E7A4F7556}") = "aspnetproject", "aspnetproject.csproj", "{F177D315-8CCB-4F08-8A7B-38D92BD39A30}"
EndProject
Project("{9A19103F-16F7-4668-BE54-9A1E7A4F7556}") = "Aspnetproject.model", "..\Aspnetproject.model\Aspnetproject.model.csproj", "{CE0B580E-08D5-40B0-89CE-164D7000DF9E}"
EndProject
Project("{9A19103F-16F7-4668-BE54-9A1E7A4F7556}") = "Aspnet.utility", "..\Aspnet.utility\Aspnet.utility.csproj", "{156456BF-F396-4861-B391-85E0F454A5FB}"
EndProject
Project("{FAE04EC0-301F-11D3-BF4B-00C04F79EFBC}") = "Asp", "..\Asp\Asp.csproj", "{131A388E-BFE7-456F-8BAE-CEB555CAF063}"
EndProject
Global
	GlobalSection(SolutionConfigurationPlatforms) = preSolution
		Debug|Any CPU = Debug|Any CPU
		Release|Any CPU = Release|Any CPU
	EndGlobalSection
	GlobalSection(ProjectConfigurationPlatforms) = postSolution
		{F177D315-8CCB-4F08-8A7B-38D92BD39A30}.Debug|Any CPU.ActiveCfg = Debug|Any CPU
		{F177D315-8CCB-4F08-8A7B-38D92BD39A30}.Debug|Any CPU.Build.0 = Debug|Any CPU
		{F177D315-8CCB-4F08-8A7B-38D92BD39A30}.Release|Any CPU.ActiveCfg = Release|Any CPU
		{F177D315-8CCB-4F08-8A7B-38D92BD39A30}.Release|Any CPU.Build.0 = Release|Any CPU
		{CE0B580E-08D5-40B0-89CE-164D7000DF9E}.Debug|Any CPU.ActiveCfg = Debug|Any CPU
		{CE0B580E-08D5-40B0-89CE-164D7000DF9E}.Debug|Any CPU.Build.0 = Debug|Any CPU
		{CE0B580E-08D5-40B0-89CE-164D7000DF9E}.Release|Any CPU.ActiveCfg = Release|Any CPU
		{CE0B580E-08D5-40B0-89CE-164D7000DF9E}.Release|Any CPU.Build.0 = Release|Any CPU
		{156456BF-F396-4861-B391-85E0F454A5FB}.Debug|Any CPU.ActiveCfg = Debug|Any CPU
		{156456BF-F396-4861-B391-85E0F454A5FB}.Debug|Any CPU.Build.0 = Debug|Any CPU
		{156456BF-F396-4861-B391-85E0F454A5FB}.Release|Any CPU.ActiveCfg = Release|Any CPU
		{156456BF-F396-4861-B391-85E0F454A5FB}.Release|Any CPU.Build.0 = Release|Any CPU
		{131A388E-BFE7-456F-8BAE-CEB555CAF063}.Debug|Any CPU.ActiveCfg = Debug|Any CPU
		{131A388E-BFE7-456F-8BAE-CEB555CAF063}.Debug|Any CPU.Build.0 = Debug|Any CPU
		{131A388E-BFE7-456F-8BAE-CEB555CAF063}.Release|Any CPU.ActiveCfg = Release|Any CPU
		{131A388E-BFE7-456F-8BAE-CEB555CAF063}.Release|Any CPU.Build.0 = Release|Any CPU
	EndGlobalSection
	GlobalSection(SolutionProperties) = preSolution
		HideSolutionNode = FALSE
	EndGlobalSection
	GlobalSection(ExtensibilityGlobals) = postSolution
		SolutionGuid = {3738B146-4632-4756-B953-415AE2EC2C38}
	EndGlobalSection
EndGlobal
